{
    "_meta": {
        "hash": {
            "sha256": "c8b34c86247f04388018fed6bee98ea5ae26ffd422306163efa3cedfe29b2e6d"
        },
        "pipfile-spec": 6,
        "requires": {
            "python_version": "3.9"
        },
        "sources": [
            {
                "name": "pypi",
                "url": "https://pypi.org/simple",
                "verify_ssl": true
            }
        ]
    },
    "default": {
        "arpeggio": {
            "hashes": [
                "sha256:bfe349f252f82f82d84cb886f1d5081d1a31451e6045275e9f90b65d0daa06f1",
                "sha256:fed68a1cb7f529cbd4d725597cc811b7506885fcdef17d4cdcf564341a1e210b"
            ],
            "version": "==1.10.2"
        },
        "attrs": {
            "hashes": [
                "sha256:2d27e3784d7a565d36ab851fe94887c5eccd6a463168875832a1be79c82828b4",
                "sha256:626ba8234211db98e869df76230a137c4c40a12d72445c45d5f5b716f076e2fd"
            ],
            "markers": "python_version >= '2.7' and python_version not in '3.0, 3.1, 3.2, 3.3, 3.4'",
            "version": "==21.4.0"
        },
        "blessed": {
            "hashes": [
                "sha256:63b8554ae2e0e7f43749b6715c734cc8f3883010a809bf16790102563e6cf25b",
                "sha256:9a0d099695bf621d4680dd6c73f6ad547f6a3442fbdbe80c4b1daa1edbc492fc"
            ],
            "markers": "python_version >= '2.7'",
            "version": "==1.19.1"
        },
        "botocore": {
            "hashes": [
                "sha256:238f1dfdb8d8d017c2aea082609a3764f3161d32745900f41bcdcf290d95a048",
                "sha256:621f5413be8f97712b7e36c1b075a8791d1d1b9971a7ee060cdcdf5e2debf6c1"
            ],
            "markers": "python_version >= '3.7'",
            "version": "==1.27.89"
        },
        "certifi": {
            "hashes": [
                "sha256:0d9c601124e5a6ba9712dbc60d9c53c21e34f5f641fe83002317394311bdce14",
                "sha256:90c1a32f1d68f940488354e36370f6cca89f0f106db09518524c88d6ed83f382"
            ],
            "markers": "python_version >= '3.6'",
            "version": "==2022.9.24"
        },
        "chalice": {
            "hashes": [
                "sha256:58ccf0ada3727de1b93fd1d5c6e9e17d92a3e929ff37cb14cfaa6fc9e729c92e",
                "sha256:f41d0eaac1edb70ce1904b234bfc6ad4af35b7321f79b998bc6a95ff5f8cb4f6"
            ],
            "index": "pypi",
            "version": "==1.27.3"
        },
        "charset-normalizer": {
            "hashes": [
                "sha256:2857e29ff0d34db842cd7ca3230549d1a697f96ee6d3fb071cfa6c7393832597",
                "sha256:6881edbebdb17b39b4eaaa821b438bf6eddffb4468cf344f09f89def34a8b1df"
            ],
            "markers": "python_version >= '3'",
            "version": "==2.0.12"
        },
        "click": {
            "hashes": [
                "sha256:7682dc8afb30297001674575ea00d1814d808d6a36af415a82bd481d37ba7b8e",
                "sha256:bb4d8133cb15a609f44e8213d9b391b0809795062913b383c62be0ee95b1db48"
            ],
            "markers": "python_version >= '3.7'",
            "version": "==8.1.3"
        },
        "dill": {
            "hashes": [
                "sha256:33501d03270bbe410c72639b350e941882a8b0fd55357580fbc873fba0c59302",
                "sha256:d75e41f3eff1eee599d738e76ba8f4ad98ea229db8b085318aa2b3333a208c86"
            ],
            "markers": "python_version >= '2.7' and python_version not in '3.0, 3.1, 3.2, 3.3, 3.4, 3.5, 3.6'",
            "version": "==0.3.5.1"
        },
        "grpcio": {
            "hashes": [
                "sha256:0425b5577be202d0a4024536bbccb1b052c47e0766096e6c3a5789ddfd5f400d",
                "sha256:06c0739dff9e723bca28ec22301f3711d85c2e652d1c8ae938aa0f7ad632ef9a",
                "sha256:08307dc5a6ac4da03146d6c00f62319e0665b01c6ffe805cfcaa955c17253f9c",
                "sha256:090dfa19f41efcbe760ae59b34da4304d4be9a59960c9682b7eab7e0b6748a79",
                "sha256:0a24b50810aae90c74bbd901c3f175b9645802d2fbf03eadaf418ddee4c26668",
                "sha256:0cd44d78f302ff67f11a8c49b786c7ccbed2cfef6f4fd7bb0c3dc9255415f8f7",
                "sha256:0d8a7f3eb6f290189f48223a5f4464c99619a9de34200ce80d5092fb268323d2",
                "sha256:14d2bc74218986e5edf5527e870b0969d63601911994ebf0dce96288548cf0ef",
                "sha256:1bb9afa85e797a646bfcd785309e869e80a375c959b11a17c9680abebacc0cb0",
                "sha256:1ec63bbd09586e5cda1bdc832ae6975d2526d04433a764a1cc866caa399e50d4",
                "sha256:2061dbe41e43b0a5e1fd423e8a7fb3a0cf11d69ce22d0fac21f1a8c704640b12",
                "sha256:324e363bad4d89a8ec7124013371f268d43afd0ac0fdeec1b21c1a101eb7dafb",
                "sha256:35dfd981b03a3ec842671d1694fe437ee9f7b9e6a02792157a2793b0eba4f478",
                "sha256:43857d06b2473b640467467f8f553319b5e819e54be14c86324dad83a0547818",
                "sha256:4706c78b0c183dca815bbb4ef3e8dd2136ccc8d1699f62c585e75e211ad388f6",
                "sha256:4d9ad7122f60157454f74a850d1337ba135146cef6fb7956d78c7194d52db0fe",
                "sha256:544da3458d1d249bb8aed5504adf3e194a931e212017934bf7bfa774dad37fb3",
                "sha256:55782a31ec539f15b34ee56f19131fe1430f38a4be022eb30c85e0b0dcf57f11",
                "sha256:55cd8b13c5ef22003889f599b8f2930836c6f71cd7cf3fc0196633813dc4f928",
                "sha256:5dbba95fab9b35957b4977b8904fc1fa56b302f9051eff4d7716ebb0c087f801",
                "sha256:5f57b9b61c22537623a5577bf5f2f970dc4e50fac5391090114c6eb3ab5a129f",
                "sha256:64e097dd08bb408afeeaee9a56f75311c9ca5b27b8b0278279dc8eef85fa1051",
                "sha256:664a270d3eac68183ad049665b0f4d0262ec387d5c08c0108dbcfe5b351a8b4d",
                "sha256:668350ea02af018ca945bd629754d47126b366d981ab88e0369b53bc781ffb14",
                "sha256:67cd275a651532d28620eef677b97164a5438c5afcfd44b15e8992afa9eb598c",
                "sha256:68b5e47fcca8481f36ef444842801928e60e30a5b3852c9f4a95f2582d10dcb2",
                "sha256:7191ffc8bcf8a630c547287ab103e1fdf72b2e0c119e634d8a36055c1d988ad0",
                "sha256:815089435d0f113719eabf105832e4c4fa1726b39ae3fb2ca7861752b0f70570",
                "sha256:8dbef03853a0dbe457417c5469cb0f9d5bf47401b49d50c7dad3c495663b699b",
                "sha256:91cd292373e85a52c897fa5b4768c895e20a7dc3423449c64f0f96388dd1812e",
                "sha256:9298d6f2a81f132f72a7e79cbc90a511fffacc75045c2b10050bb87b86c8353d",
                "sha256:96cff5a2081db82fb710db6a19dd8f904bdebb927727aaf4d9c427984b79a4c1",
                "sha256:9e63e0619a5627edb7a5eb3e9568b9f97e604856ba228cc1d8a9f83ce3d0466e",
                "sha256:a278d02272214ec33f046864a24b5f5aab7f60f855de38c525e5b4ef61ec5b48",
                "sha256:a6b2432ac2353c80a56d9015dfc5c4af60245c719628d4193ecd75ddf9cd248c",
                "sha256:b821403907e865e8377af3eee62f0cb233ea2369ba0fcdce9505ca5bfaf4eeb3",
                "sha256:b88bec3f94a16411a1e0336eb69f335f58229e45d4082b12d8e554cedea97586",
                "sha256:bfdb8af4801d1c31a18d54b37f4e49bb268d1f485ecf47f70e78d56e04ff37a7",
                "sha256:c79996ae64dc4d8730782dff0d1daacc8ce7d4c2ba9cef83b6f469f73c0655ce",
                "sha256:cc34d182c4fd64b6ff8304a606b95e814e4f8ed4b245b6d6cc9607690e3ef201",
                "sha256:d0d481ff55ea6cc49dab2c8276597bd4f1a84a8745fedb4bc23e12e9fb9d0e45",
                "sha256:e9723784cf264697024778dcf4b7542c851fe14b14681d6268fb984a53f76df1",
                "sha256:f4508e8abd67ebcccd0fbde6e2b1917ba5d153f3f20c1de385abd8722545e05f",
                "sha256:f515782b168a4ec6ea241add845ccfebe187fc7b09adf892b3ad9e2592c60af1",
                "sha256:f89de64d9eb3478b188859214752db50c91a749479011abd99e248550371375f",
                "sha256:fcd5d932842df503eb0bf60f9cc35e6fe732b51f499e78b45234e0be41b0018d"
            ],
            "markers": "python_version >= '3.6'",
            "version": "==1.47.0"
        },
        "idna": {
            "hashes": [
                "sha256:814f528e8dead7d329833b91c5faa87d60bf71824cd12a7530b5526063d02cb4",
                "sha256:90b77e79eaa3eba6de819a0c442c0b4ceefc341a7a2ab77d7562bf49f425c5c2"
            ],
            "markers": "python_version >= '3'",
            "version": "==3.4"
        },
        "inquirer": {
            "hashes": [
                "sha256:d6bef9df4d0049fb93ed4e1c1df852e48287331d21e46ed6163b8b2290fc5cb5",
                "sha256:e49f6e37132eedda31c860fe36b19726f34f6d45f7d1bfb9bfb87169da0826f8"
            ],
            "markers": "python_version >= '3.7'",
            "version": "==2.10.0"
        },
        "jmespath": {
            "hashes": [
                "sha256:02e2e4cc71b5bcab88332eebf907519190dd9e6e82107fa7f83b1003a6252980",
                "sha256:90261b206d6defd58fdd5e85f478bf633a2901798906be2ad389150c5c60edbe"
            ],
            "markers": "python_version >= '3.7'",
            "version": "==1.0.1"
        },
        "oauthlib": {
            "hashes": [
                "sha256:1565237372795bf6ee3e5aba5e2a85bd5a65d0e2aa5c628b9a97b7d7a0da3721",
                "sha256:88e912ca1ad915e1dcc1c06fc9259d19de8deacd6fd17cc2df266decc2e49066"
            ],
            "markers": "python_version >= '3.6'",
            "version": "==3.2.1"
        },
        "parver": {
            "hashes": [
                "sha256:41a548c51b006a2f2522b54293cbfd2514bffa10774ece8430c9964a20cbd8b4",
                "sha256:c902e0653bcce927cc156a7fd9b3a51924cbce3bf3d0bfd49fc282bfd0c5dfd3"
            ],
            "markers": "python_version >= '2.7' and python_version not in '3.0, 3.1, 3.2, 3.3'",
            "version": "==0.3.1"
        },
        "pip": {
            "hashes": [
                "sha256:3fd1929db052f056d7a998439176d3333fa1b3f6c1ad881de1885c0717608a4b",
                "sha256:b61a374b5bc40a6e982426aede40c9b5a08ff20e640f5b56977f4f91fed1e39a"
            ],
            "markers": "python_version >= '3.7'",
            "version": "==22.2.2"
        },
        "protobuf": {
            "hashes": [
                "sha256:3ec85328a35a16463c6f419dbce3c0fc42b3e904d966f17f48bae39597c7a543",
                "sha256:58b81358ec6c0b5d50df761460ae2db58405c063fd415e1101209221a0a810e1",
                "sha256:71d9dba03ed3432c878a801e2ea51e034b0ea01cf3a4344fb60166cb5f6c8757",
                "sha256:8066322588d4b499869bf9f665ebe448e793036b552f68c585a9b28f1e393f66",
                "sha256:8e09d1916386eca1ef1353767b6efcebc0a6859ed7f73cb7fb974feba3184830",
                "sha256:9643684232b6b340b5e63bb69c9b4904cdd39e4303d498d1a92abddc7e895b7f",
                "sha256:9e355f2a839d9930d83971b9f562395e13493f0e9211520f8913bd11efa53c02",
                "sha256:a74d96cd960b87b4b712797c741bb3ea3a913f5c2dc4b6cbe9c0f8360b75297d",
                "sha256:b019c79e23a80735cc8a71b95f76a49a262f579d6b84fd20a0b82279f40e2cc1",
                "sha256:c7cb105d69a87416bd9023e64324e1c089593e6dae64d2536f06bcbe49cd97d8",
                "sha256:ca200645d6235ce0df3ccfdff1567acbab35c4db222a97357806e015f85b5744",
                "sha256:d3f89ccf7182293feba2de2739c8bf34fed1ed7c65a5cf987be00311acac57c1",
                "sha256:db9056b6a11cb5131036d734bcbf91ef3ef9235d6b681b2fc431cbfe5a7f2e56",
                "sha256:f370c0a71712f8965023dd5b13277444d3cdfecc96b2c778b0e19acbfd60df6e"
            ],
            "markers": "python_version >= '3.7'",
            "version": "==4.21.7"
        },
        "pulumi": {
            "hashes": [
                "sha256:9c877ef59d020e195b0ab31a4d8213b168dd971bf5a2efb6938b8a87e754d61d"
            ],
            "index": "pypi",
            "version": "==3.42.0"
        },
        "pulumi-aws": {
            "hashes": [
                "sha256:fdc8698115ac5a7e7d7c806930d6f5d1e12fecb2216bcb999b9832f18e1be158"
            ],
            "index": "pypi",
            "version": "==5.16.0"
        },
        "python-dateutil": {
            "hashes": [
                "sha256:0123cacc1627ae19ddf3c27a5de5bd67ee4586fbdd6440d9748f8abb483d3e86",
                "sha256:961d03dc3453ebbc59dbdea9e4e11c5651520a876d0f4db161e8674aae935da9"
            ],
            "markers": "python_version >= '2.7' and python_version not in '3.0, 3.1, 3.2, 3.3'",
            "version": "==2.8.2"
        },
        "python-editor": {
            "hashes": [
                "sha256:1bf6e860a8ad52a14c3ee1252d5dc25b2030618ed80c022598f00176adc8367d",
                "sha256:51fda6bcc5ddbbb7063b2af7509e43bd84bfc32a4ff71349ec7847713882327b",
                "sha256:5f98b069316ea1c2ed3f67e7f5df6c0d8f10b689964a4a811ff64f0106819ec8",
                "sha256:c3da2053dbab6b29c94e43c486ff67206eafbe7eb52dbec7390b5e2fb05aac77",
                "sha256:ea87e17f6ec459e780e4221f295411462e0d0810858e055fc514684350a2f522"
            ],
            "version": "==1.0.4"
        },
        "pyyaml": {
            "hashes": [
                "sha256:01b45c0191e6d66c470b6cf1b9531a771a83c1c4208272ead47a3ae4f2f603bf",
                "sha256:0283c35a6a9fbf047493e3a0ce8d79ef5030852c51e9d911a27badfde0605293",
                "sha256:055d937d65826939cb044fc8c9b08889e8c743fdc6a32b33e2390f66013e449b",
                "sha256:07751360502caac1c067a8132d150cf3d61339af5691fe9e87803040dbc5db57",
                "sha256:0b4624f379dab24d3725ffde76559cff63d9ec94e1736b556dacdfebe5ab6d4b",
                "sha256:0ce82d761c532fe4ec3f87fc45688bdd3a4c1dc5e0b4a19814b9009a29baefd4",
                "sha256:1e4747bc279b4f613a09eb64bba2ba602d8a6664c6ce6396a4d0cd413a50ce07",
                "sha256:213c60cd50106436cc818accf5baa1aba61c0189ff610f64f4a3e8c6726218ba",
                "sha256:231710d57adfd809ef5d34183b8ed1eeae3f76459c18fb4a0b373ad56bedcdd9",
                "sha256:277a0ef2981ca40581a47093e9e2d13b3f1fbbeffae064c1d21bfceba2030287",
                "sha256:2cd5df3de48857ed0544b34e2d40e9fac445930039f3cfe4bcc592a1f836d513",
                "sha256:40527857252b61eacd1d9af500c3337ba8deb8fc298940291486c465c8b46ec0",
                "sha256:432557aa2c09802be39460360ddffd48156e30721f5e8d917f01d31694216782",
                "sha256:473f9edb243cb1935ab5a084eb238d842fb8f404ed2193a915d1784b5a6b5fc0",
                "sha256:48c346915c114f5fdb3ead70312bd042a953a8ce5c7106d5bfb1a5254e47da92",
                "sha256:50602afada6d6cbfad699b0c7bb50d5ccffa7e46a3d738092afddc1f9758427f",
                "sha256:68fb519c14306fec9720a2a5b45bc9f0c8d1b9c72adf45c37baedfcd949c35a2",
                "sha256:77f396e6ef4c73fdc33a9157446466f1cff553d979bd00ecb64385760c6babdc",
                "sha256:81957921f441d50af23654aa6c5e5eaf9b06aba7f0a19c18a538dc7ef291c5a1",
                "sha256:819b3830a1543db06c4d4b865e70ded25be52a2e0631ccd2f6a47a2822f2fd7c",
                "sha256:897b80890765f037df3403d22bab41627ca8811ae55e9a722fd0392850ec4d86",
                "sha256:98c4d36e99714e55cfbaaee6dd5badbc9a1ec339ebfc3b1f52e293aee6bb71a4",
                "sha256:9df7ed3b3d2e0ecfe09e14741b857df43adb5a3ddadc919a2d94fbdf78fea53c",
                "sha256:9fa600030013c4de8165339db93d182b9431076eb98eb40ee068700c9c813e34",
                "sha256:a80a78046a72361de73f8f395f1f1e49f956c6be882eed58505a15f3e430962b",
                "sha256:afa17f5bc4d1b10afd4466fd3a44dc0e245382deca5b3c353d8b757f9e3ecb8d",
                "sha256:b3d267842bf12586ba6c734f89d1f5b871df0273157918b0ccefa29deb05c21c",
                "sha256:b5b9eccad747aabaaffbc6064800670f0c297e52c12754eb1d976c57e4f74dcb",
                "sha256:bfaef573a63ba8923503d27530362590ff4f576c626d86a9fed95822a8255fd7",
                "sha256:c5687b8d43cf58545ade1fe3e055f70eac7a5a1a0bf42824308d868289a95737",
                "sha256:cba8c411ef271aa037d7357a2bc8f9ee8b58b9965831d9e51baf703280dc73d3",
                "sha256:d15a181d1ecd0d4270dc32edb46f7cb7733c7c508857278d3d378d14d606db2d",
                "sha256:d4b0ba9512519522b118090257be113b9468d804b19d63c71dbcf4a48fa32358",
                "sha256:d4db7c7aef085872ef65a8fd7d6d09a14ae91f691dec3e87ee5ee0539d516f53",
                "sha256:d4eccecf9adf6fbcc6861a38015c2a64f38b9d94838ac1810a9023a0609e1b78",
                "sha256:d67d839ede4ed1b28a4e8909735fc992a923cdb84e618544973d7dfc71540803",
                "sha256:daf496c58a8c52083df09b80c860005194014c3698698d1a57cbcfa182142a3a",
                "sha256:dbad0e9d368bb989f4515da330b88a057617d16b6a8245084f1b05400f24609f",
                "sha256:e61ceaab6f49fb8bdfaa0f92c4b57bcfbea54c09277b1b4f7ac376bfb7a7c174",
                "sha256:f84fbc98b019fef2ee9a1cb3ce93e3187a6df0b2538a651bfb890254ba9f90b5"
            ],
            "markers": "python_version >= '3.6'",
            "version": "==6.0"
        },
        "readchar": {
            "hashes": [
                "sha256:1d920d0e9ab76ec5d42192a68d15af2562663b5dfbf4a67cf9eba520e1ca57e6",
                "sha256:3d4351c563aba4ae7d4e0b821a234d48bc748f45b74e3f38b50cba3857b57acb"
            ],
            "markers": "python_version >= '3.6'",
            "version": "==4.0.3"
        },
        "requests": {
            "hashes": [
                "sha256:6c1246513ecd5ecd4528a0906f910e8f0f9c6b8ec72030dc9fd154dc1a6efd24",
                "sha256:b8aa58f8cf793ffd8782d3d8cb19e66ef36f7aba4353eec859e74678b01b07a7"
            ],
            "index": "pypi",
            "version": "==2.26.0"
        },
        "requests-oauthlib": {
            "hashes": [
                "sha256:2577c501a2fb8d05a304c09d090d6e47c306fef15809d102b327cf8364bddab5",
                "sha256:75beac4a47881eeb94d5ea5d6ad31ef88856affe2332b9aafb52c6452ccf0d7a"
            ],
            "index": "pypi",
            "version": "==1.3.1"
        },
        "semver": {
            "hashes": [
                "sha256:ced8b23dceb22134307c1b8abfa523da14198793d9787ac838e70e29e77458d4",
                "sha256:fa0fe2722ee1c3f57eac478820c3a5ae2f624af8264cbdf9000c980ff7f75e3f"
            ],
            "markers": "python_version >= '2.7' and python_version not in '3.0, 3.1, 3.2, 3.3'",
            "version": "==2.13.0"
        },
        "setuptools": {
            "hashes": [
                "sha256:1b6bdc6161661409c5f21508763dc63ab20a9ac2f8ba20029aaaa7fdb9118012",
                "sha256:3050e338e5871e70c72983072fe34f6032ae1cdeeeb67338199c2f74e083a80e"
            ],
            "markers": "python_version >= '3.7'",
            "version": "==65.4.1"
        },
        "six": {
            "hashes": [
                "sha256:1e61c37477a1626458e36f7b1d82aa5c9b094fa4802892072e49de9c60c4c926",
                "sha256:8abb2f1d86890a2dfb989f9a77cfcfd3e47c2a354b01111771326f8aa26e0254"
            ],
            "markers": "python_version >= '2.7' and python_version not in '3.0, 3.1, 3.2, 3.3'",
            "version": "==1.16.0"
        },
        "typing-extensions": {
            "hashes": [
                "sha256:1511434bb92bf8dd198c12b1cc812e800d4181cfcb867674e0f8279cc93087aa",
                "sha256:16fa4864408f655d35ec496218b85f79b3437c829e93320c7c9215ccfd92489e"
            ],
            "markers": "python_version >= '3.7'",
            "version": "==4.4.0"
        },
        "urllib3": {
            "hashes": [
                "sha256:3fa96cf423e6987997fc326ae8df396db2a8b7c667747d47ddd8ecba91f4a74e",
                "sha256:b930dd878d5a8afb066a637fbb35144fe7901e3b209d1cd4f524bd0e9deee997"
            ],
            "markers": "python_version >= '2.7' and python_version not in '3.0, 3.1, 3.2, 3.3, 3.4, 3.5' and python_version < '4'",
            "version": "==1.26.12"
        },
        "wcwidth": {
            "hashes": [
                "sha256:beb4802a9cebb9144e99086eff703a642a13d6a0052920003a230f3294bbe784",
                "sha256:c4d647b99872929fdb7bdcaa4fbe7f01413ed3d98077df798530e5b04f116c83"
            ],
            "version": "==0.2.5"
        },
        "wheel": {
            "hashes": [
                "sha256:4bdcd7d840138086126cd09254dc6195fb4fc6f01c050a1d7236f2630db1d22a",
                "sha256:e9a504e793efbca1b8e0e9cb979a249cf4a0a7b5b8c9e8b65a5e39d49529c1c4"
            ],
            "markers": "python_version >= '2.7' and python_version not in '3.0, 3.1, 3.2, 3.3, 3.4'",
            "version": "==0.37.1"
        }
    },
    "develop": {
        "autopep8": {
            "hashes": [
                "sha256:6f09e90a2be784317e84dc1add17ebfc7abe3924239957a37e5040e27d812087",
                "sha256:ca9b1a83e53a7fad65d731dc7a2a2d50aa48f43850407c59f6a1a306c4201142"
            ],
            "index": "pypi",
            "version": "==1.7.0"
        },
        "boto3": {
            "hashes": [
                "sha256:6194763348545bb1669ce8d03ba104be1ba822daa184613aa10b9303a6a79017",
                "sha256:be151711bbb4db53e85dd5bbe506002ce6f2f21fc4e45fcf6d2cf356d32cc4c6"
            ],
            "index": "pypi",
            "version": "==1.24.84"
        },
        "botocore": {
            "hashes": [
                "sha256:238f1dfdb8d8d017c2aea082609a3764f3161d32745900f41bcdcf290d95a048",
                "sha256:621f5413be8f97712b7e36c1b075a8791d1d1b9971a7ee060cdcdf5e2debf6c1"
            ],
            "markers": "python_version >= '3.7'",
            "version": "==1.27.89"
        },
        "jmespath": {
            "hashes": [
                "sha256:02e2e4cc71b5bcab88332eebf907519190dd9e6e82107fa7f83b1003a6252980",
                "sha256:90261b206d6defd58fdd5e85f478bf633a2901798906be2ad389150c5c60edbe"
            ],
            "markers": "python_version >= '3.7'",
            "version": "==1.0.1"
        },
        "pycodestyle": {
            "hashes": [
                "sha256:2c9607871d58c76354b697b42f5d57e1ada7d261c261efac224b664affdc5785",
                "sha256:d1735fc58b418fd7c5f658d28d943854f8a849b01a5d0a1e6f3f3fdd0166804b"
            ],
            "markers": "python_version >= '3.6'",
            "version": "==2.9.1"
        },
        "python-dateutil": {
            "hashes": [
                "sha256:0123cacc1627ae19ddf3c27a5de5bd67ee4586fbdd6440d9748f8abb483d3e86",
                "sha256:961d03dc3453ebbc59dbdea9e4e11c5651520a876d0f4db161e8674aae935da9"
            ],
            "markers": "python_version >= '2.7' and python_version not in '3.0, 3.1, 3.2, 3.3'",
            "version": "==2.8.2"
        },
        "s3transfer": {
            "hashes": [
                "sha256:06176b74f3a15f61f1b4f25a1fc29a4429040b7647133a463da8fa5bd28d5ecd",
                "sha256:2ed07d3866f523cc561bf4a00fc5535827981b117dd7876f036b0c1aca42c947"
            ],
            "markers": "python_version >= '3.7'",
            "version": "==0.6.0"
        },
        "six": {
            "hashes": [
                "sha256:1e61c37477a1626458e36f7b1d82aa5c9b094fa4802892072e49de9c60c4c926",
                "sha256:8abb2f1d86890a2dfb989f9a77cfcfd3e47c2a354b01111771326f8aa26e0254"
            ],
            "markers": "python_version >= '2.7' and python_version not in '3.0, 3.1, 3.2, 3.3'",
            "version": "==1.16.0"
        },
        "toml": {
            "hashes": [
                "sha256:806143ae5bfb6a3c6e736a764057db0e6a0e05e338b5630894a5f779cabb4f9b",
                "sha256:b3bda1d108d5dd99f4a20d24d9c348e91c4db7ab1b749200bded2f839ccbe68f"
            ],
            "markers": "python_version >= '2.6' and python_version not in '3.0, 3.1, 3.2, 3.3'",
            "version": "==0.10.2"
        },
        "urllib3": {
            "hashes": [
                "sha256:3fa96cf423e6987997fc326ae8df396db2a8b7c667747d47ddd8ecba91f4a74e",
                "sha256:b930dd878d5a8afb066a637fbb35144fe7901e3b209d1cd4f524bd0e9deee997"
            ],
            "markers": "python_version >= '2.7' and python_version not in '3.0, 3.1, 3.2, 3.3, 3.4, 3.5' and python_version < '4'",
            "version": "==1.26.12"
        }
    }
}
